// !$*UTF8*$!
{
	archiveVersion = 1;
	classes = {
	};
	objectVersion = 51;
	objects = {

/* Begin PBXBuildFile section */
		7F358DA82471628A005CF0E3 /* AppDelegate.swift in Sources */ = {isa = PBXBuildFile; fileRef = 7F358DA72471628A005CF0E3 /* AppDelegate.swift */; };
		7F358DAA2471628A005CF0E3 /* SceneDelegate.swift in Sources */ = {isa = PBXBuildFile; fileRef = 7F358DA92471628A005CF0E3 /* SceneDelegate.swift */; };
		7F358DAC2471628A005CF0E3 /* ViewController.swift in Sources */ = {isa = PBXBuildFile; fileRef = 7F358DAB2471628A005CF0E3 /* ViewController.swift */; };
		7F358DAF2471628A005CF0E3 /* Main.storyboard in Resources */ = {isa = PBXBuildFile; fileRef = 7F358DAD2471628A005CF0E3 /* Main.storyboard */; };
		7F358DB12471628C005CF0E3 /* Assets.xcassets in Resources */ = {isa = PBXBuildFile; fileRef = 7F358DB02471628C005CF0E3 /* Assets.xcassets */; };
		7F358DB42471628C005CF0E3 /* LaunchScreen.storyboard in Resources */ = {isa = PBXBuildFile; fileRef = 7F358DB22471628C005CF0E3 /* LaunchScreen.storyboard */; };
		7F358DBC2471642B005CF0E3 /* GoogleService-Info.plist in Resources */ = {isa = PBXBuildFile; fileRef = 7F358DBB2471642B005CF0E3 /* GoogleService-Info.plist */; };
		7F3CA4772483AA95006AD12B /* AuthViewController.swift in Sources */ = {isa = PBXBuildFile; fileRef = 7F3CA4762483AA95006AD12B /* AuthViewController.swift */; };
		F2743F11E80830441B5B7087 /* Pods_chat_test.framework in Frameworks */ = {isa = PBXBuildFile; fileRef = 7C75E427622F9516A7AB1A22 /* Pods_chat_test.framework */; };
/* End PBXBuildFile section */

/* Begin PBXFileReference section */
		0747558374A76B66E5D86304 /* Pods-chat-test.release.xcconfig */ = {isa = PBXFileReference; includeInIndex = 1; lastKnownFileType = text.xcconfig; name = "Pods-chat-test.release.xcconfig"; path = "Target Support Files/Pods-chat-test/Pods-chat-test.release.xcconfig"; sourceTree = "<group>"; };
		7C75E427622F9516A7AB1A22 /* Pods_chat_test.framework */ = {isa = PBXFileReference; explicitFileType = wrapper.framework; includeInIndex = 0; path = Pods_chat_test.framework; sourceTree = BUILT_PRODUCTS_DIR; };
		7F358DA42471628A005CF0E3 /* chat-test.app */ = {isa = PBXFileReference; explicitFileType = wrapper.application; includeInIndex = 0; path = "chat-test.app"; sourceTree = BUILT_PRODUCTS_DIR; };
		7F358DA72471628A005CF0E3 /* AppDelegate.swift */ = {isa = PBXFileReference; lastKnownFileType = sourcecode.swift; path = AppDelegate.swift; sourceTree = "<group>"; };
		7F358DA92471628A005CF0E3 /* SceneDelegate.swift */ = {isa = PBXFileReference; lastKnownFileType = sourcecode.swift; path = SceneDelegate.swift; sourceTree = "<group>"; };
		7F358DAB2471628A005CF0E3 /* ViewController.swift */ = {isa = PBXFileReference; lastKnownFileType = sourcecode.swift; path = ViewController.swift; sourceTree = "<group>"; };
		7F358DAE2471628A005CF0E3 /* Base */ = {isa = PBXFileReference; lastKnownFileType = file.storyboard; name = Base; path = Base.lproj/Main.storyboard; sourceTree = "<group>"; };
		7F358DB02471628C005CF0E3 /* Assets.xcassets */ = {isa = PBXFileReference; lastKnownFileType = folder.assetcatalog; path = Assets.xcassets; sourceTree = "<group>"; };
		7F358DB32471628C005CF0E3 /* Base */ = {isa = PBXFileReference; lastKnownFileType = file.storyboard; name = Base; path = Base.lproj/LaunchScreen.storyboard; sourceTree = "<group>"; };
		7F358DB52471628C005CF0E3 /* Info.plist */ = {isa = PBXFileReference; lastKnownFileType = text.plist.xml; path = Info.plist; sourceTree = "<group>"; };
		7F358DBB2471642B005CF0E3 /* GoogleService-Info.plist */ = {isa = PBXFileReference; fileEncoding = 4; lastKnownFileType = text.plist.xml; path = "GoogleService-Info.plist"; sourceTree = "<group>"; };
		7F3CA4762483AA95006AD12B /* AuthViewController.swift */ = {isa = PBXFileReference; lastKnownFileType = sourcecode.swift; path = AuthViewController.swift; sourceTree = "<group>"; };
		CBD315FE75962543084BA901 /* Pods-chat-test.debug.xcconfig */ = {isa = PBXFileReference; includeInIndex = 1; lastKnownFileType = text.xcconfig; name = "Pods-chat-test.debug.xcconfig"; path = "Target Support Files/Pods-chat-test/Pods-chat-test.debug.xcconfig"; sourceTree = "<group>"; };
/* End PBXFileReference section */

/* Begin PBXFrameworksBuildPhase section */
		7F358DA12471628A005CF0E3 /* Frameworks */ = {
			isa = PBXFrameworksBuildPhase;
			buildActionMask = 2147483647;
			files = (
				F2743F11E80830441B5B7087 /* Pods_chat_test.framework in Frameworks */,
			);
			runOnlyForDeploymentPostprocessing = 0;
		};
/* End PBXFrameworksBuildPhase section */

/* Begin PBXGroup section */
		7F358D9B2471628A005CF0E3 = {
			isa = PBXGroup;
			children = (
				7F358DA62471628A005CF0E3 /* chat-test */,
				7F358DA52471628A005CF0E3 /* Products */,
				98CC974E9CF2711B0A2AE93A /* Pods */,
				DB97F45F94CB4321DFC6C10B /* Frameworks */,
			);
			sourceTree = "<group>";
		};
		7F358DA52471628A005CF0E3 /* Products */ = {
			isa = PBXGroup;
			children = (
				7F358DA42471628A005CF0E3 /* chat-test.app */,
			);
			name = Products;
			sourceTree = "<group>";
		};
		7F358DA62471628A005CF0E3 /* chat-test */ = {
			isa = PBXGroup;
			children = (
				7F358DA72471628A005CF0E3 /* AppDelegate.swift */,
				7F3CA4762483AA95006AD12B /* AuthViewController.swift */,
				7F358DA92471628A005CF0E3 /* SceneDelegate.swift */,
				7F358DAB2471628A005CF0E3 /* ViewController.swift */,
				7F358DAD2471628A005CF0E3 /* Main.storyboard */,
				7F358DB02471628C005CF0E3 /* Assets.xcassets */,
				7F358DB22471628C005CF0E3 /* LaunchScreen.storyboard */,
				7F358DB52471628C005CF0E3 /* Info.plist */,
				7F358DBB2471642B005CF0E3 /* GoogleService-Info.plist */,
			);
			path = "chat-test";
			sourceTree = "<group>";
		};
		98CC974E9CF2711B0A2AE93A /* Pods */ = {
			isa = PBXGroup;
			children = (
				CBD315FE75962543084BA901 /* Pods-chat-test.debug.xcconfig */,
				0747558374A76B66E5D86304 /* Pods-chat-test.release.xcconfig */,
			);
			path = Pods;
			sourceTree = "<group>";
		};
		DB97F45F94CB4321DFC6C10B /* Frameworks */ = {
			isa = PBXGroup;
			children = (
				7C75E427622F9516A7AB1A22 /* Pods_chat_test.framework */,
			);
			name = Frameworks;
			sourceTree = "<group>";
		};
/* End PBXGroup section */

/* Begin PBXNativeTarget section */
		7F358DA32471628A005CF0E3 /* chat-test */ = {
			isa = PBXNativeTarget;
			buildConfigurationList = 7F358DB82471628C005CF0E3 /* Build configuration list for PBXNativeTarget "chat-test" */;
			buildPhases = (
				DAC80CDCACEE4DA53BAFDEBB /* [CP] Check Pods Manifest.lock */,
				7F358DA02471628A005CF0E3 /* Sources */,
				7F358DA12471628A005CF0E3 /* Frameworks */,
				7F358DA22471628A005CF0E3 /* Resources */,
				AD55CC93A133C4BA84087762 /* [CP] Embed Pods Frameworks */,
			);
			buildRules = (
			);
			dependencies = (
			);
			name = "chat-test";
			productName = "chat-test";
			productReference = 7F358DA42471628A005CF0E3 /* chat-test.app */;
			productType = "com.apple.product-type.application";
		};
/* End PBXNativeTarget section */

/* Begin PBXProject section */
		7F358D9C2471628A005CF0E3 /* Project object */ = {
			isa = PBXProject;
			attributes = {
				LastSwiftUpdateCheck = 1140;
				LastUpgradeCheck = 1140;
				ORGANIZATIONNAME = user1;
				TargetAttributes = {
					7F358DA32471628A005CF0E3 = {
						CreatedOnToolsVersion = 11.4;
					};
				};
			};
			buildConfigurationList = 7F358D9F2471628A005CF0E3 /* Build configuration list for PBXProject "chat-test" */;
			compatibilityVersion = "Xcode 9.3";
			developmentRegion = en;
			hasScannedForEncodings = 0;
			knownRegions = (
				en,
				Base,
			);
			mainGroup = 7F358D9B2471628A005CF0E3;
			productRefGroup = 7F358DA52471628A005CF0E3 /* Products */;
			projectDirPath = "";
			projectRoot = "";
			targets = (
				7F358DA32471628A005CF0E3 /* chat-test */,
			);
		};
/* End PBXProject section */

/* Begin PBXResourcesBuildPhase section */
		7F358DA22471628A005CF0E3 /* Resources */ = {
			isa = PBXResourcesBuildPhase;
			buildActionMask = 2147483647;
			files = (
				7F358DB42471628C005CF0E3 /* LaunchScreen.storyboard in Resources */,
				7F358DBC2471642B005CF0E3 /* GoogleService-Info.plist in Resources */,
				7F358DB12471628C005CF0E3 /* Assets.xcassets in Resources */,
				7F358DAF2471628A005CF0E3 /* Main.storyboard in Resources */,
			);
			runOnlyForDeploymentPostprocessing = 0;
		};
/* End PBXResourcesBuildPhase section */

/* Begin PBXShellScriptBuildPhase section */
		AD55CC93A133C4BA84087762 /* [CP] Embed Pods Frameworks */ = {
			isa = PBXShellScriptBuildPhase;
			buildActionMask = 2147483647;
			files = (
			);
			inputFileListPaths = (
				"${PODS_ROOT}/Target Support Files/Pods-chat-test/Pods-chat-test-frameworks-${CONFIGURATION}-input-files.xcfilelist",
			);
			name = "[CP] Embed Pods Frameworks";
			outputFileListPaths = (
				"${PODS_ROOT}/Target Support Files/Pods-chat-test/Pods-chat-test-frameworks-${CONFIGURATION}-output-files.xcfilelist",
			);
			runOnlyForDeploymentPostprocessing = 0;
			shellPath = /bin/sh;
			shellScript = "\"${PODS_ROOT}/Target Support Files/Pods-chat-test/Pods-chat-test-frameworks.sh\"\n";
			showEnvVarsInLog = 0;
		};
		DAC80CDCACEE4DA53BAFDEBB /* [CP] Check Pods Manifest.lock */ = {
			isa = PBXShellScriptBuildPhase;
			buildActionMask = 2147483647;
			files = (
			);
			inputFileListPaths = (
			);
			inputPaths = (
				"${PODS_PODFILE_DIR_PATH}/Podfile.lock",
				"${PODS_ROOT}/Manifest.lock",
			);
			name = "[CP] Check Pods Manifest.lock";
			outputFileListPaths = (
			);
			outputPaths = (
				"$(DERIVED_FILE_DIR)/Pods-chat-test-checkManifestLockResult.txt",
			);
			runOnlyForDeploymentPostprocessing = 0;
			shellPath = /bin/sh;
			shellScript = "diff \"${PODS_PODFILE_DIR_PATH}/Podfile.lock\" \"${PODS_ROOT}/Manifest.lock\" > /dev/null\nif [ $? != 0 ] ; then\n    # print error to STDERR\n    echo \"error: The sandbox is not in sync with the Podfile.lock. Run 'pod install' or update your CocoaPods installation.\" >&2\n    exit 1\nfi\n# This output is used by Xcode 'outputs' to avoid re-running this script phase.\necho \"SUCCESS\" > \"${SCRIPT_OUTPUT_FILE_0}\"\n";
			showEnvVarsInLog = 0;
		};
/* End PBXShellScriptBuildPhase section */

/* Begin PBXSourcesBuildPhase section */
		7F358DA02471628A005CF0E3 /* Sources */ = {
			isa = PBXSourcesBuildPhase;
			buildActionMask = 2147483647;
			files = (
				7F3CA4772483AA95006AD12B /* AuthViewController.swift in Sources */,
				7F358DAC2471628A005CF0E3 /* ViewController.swift in Sources */,
				7F358DA82471628A005CF0E3 /* AppDelegate.swift in Sources */,
				7F358DAA2471628A005CF0E3 /* SceneDelegate.swift in Sources */,
			);
			runOnlyForDeploymentPostprocessing = 0;
		};
/* End PBXSourcesBuildPhase section */

/* Begin PBXVariantGroup section */
		7F358DAD2471628A005CF0E3 /* Main.storyboard */ = {
			isa = PBXVariantGroup;
			children = (
				7F358DAE2471628A005CF0E3 /* Base */,
			);
			name = Main.storyboard;
			sourceTree = "<group>";
		};
		7F358DB22471628C005CF0E3 /* LaunchScreen.storyboard */ = {
			isa = PBXVariantGroup;
			children = (
				7F358DB32471628C005CF0E3 /* Base */,
			);
			name = LaunchScreen.storyboard;
			sourceTree = "<group>";
		};
/* End PBXVariantGroup section */

/* Begin XCBuildConfiguration section */
		7F358DB62471628C005CF0E3 /* Debug */ = {
			isa = XCBuildConfiguration;
			buildSettings = {
				ALWAYS_SEARCH_USER_PATHS = NO;
				CLANG_ANALYZER_NONNULL = YES;
				CLANG_ANALYZER_NUMBER_OBJECT_CONVERSION = YES_AGGRESSIVE;
				CLANG_CXX_LANGUAGE_STANDARD = "gnu++14";
				CLANG_CXX_LIBRARY = "libc++";
				CLANG_ENABLE_MODULES = YES;
				CLANG_ENABLE_OBJC_ARC = YES;
				CLANG_ENABLE_OBJC_WEAK = YES;
				CLANG_WARN_BLOCK_CAPTURE_AUTORELEASING = YES;
				CLANG_WARN_BOOL_CONVERSION = YES;
				CLANG_WARN_COMMA = YES;
				CLANG_WARN_CONSTANT_CONVERSION = YES;
				CLANG_WARN_DEPRECATED_OBJC_IMPLEMENTATIONS = YES;
				CLANG_WARN_DIRECT_OBJC_ISA_USAGE = YES_ERROR;
				CLANG_WARN_DOCUMENTATION_COMMENTS = YES;
				CLANG_WARN_EMPTY_BODY = YES;
				CLANG_WARN_ENUM_CONVERSION = YES;
				CLANG_WARN_INFINITE_RECURSION = YES;
				CLANG_WARN_INT_CONVERSION = YES;
				CLANG_WARN_NON_LITERAL_NULL_CONVERSION = YES;
				CLANG_WARN_OBJC_IMPLICIT_RETAIN_SELF = YES;
				CLANG_WARN_OBJC_LITERAL_CONVERSION = YES;
				CLANG_WARN_OBJC_ROOT_CLASS = YES_ERROR;
				CLANG_WARN_RANGE_LOOP_ANALYSIS = YES;
				CLANG_WARN_STRICT_PROTOTYPES = YES;
				CLANG_WARN_SUSPICIOUS_MOVE = YES;
				CLANG_WARN_UNGUARDED_AVAILABILITY = YES_AGGRESSIVE;
				CLANG_WARN_UNREACHABLE_CODE = YES;
				CLANG_WARN__DUPLICATE_METHOD_MATCH = YES;
				COPY_PHASE_STRIP = NO;
				DEBUG_INFORMATION_FORMAT = dwarf;
				ENABLE_STRICT_OBJC_MSGSEND = YES;
				ENABLE_TESTABILITY = YES;
				GCC_C_LANGUAGE_STANDARD = gnu11;
				GCC_DYNAMIC_NO_PIC = NO;
				GCC_NO_COMMON_BLOCKS = YES;
				GCC_OPTIMIZATION_LEVEL = 0;
				GCC_PREPROCESSOR_DEFINITIONS = (
					"DEBUG=1",
					"$(inherited)",
				);
				GCC_WARN_64_TO_32_BIT_CONVERSION = YES;
				GCC_WARN_ABOUT_RETURN_TYPE = YES_ERROR;
				GCC_WARN_UNDECLARED_SELECTOR = YES;
				GCC_WARN_UNINITIALIZED_AUTOS = YES_AGGRESSIVE;
				GCC_WARN_UNUSED_FUNCTION = YES;
				GCC_WARN_UNUSED_VARIABLE = YES;
				IPHONEOS_DEPLOYMENT_TARGET = 13.4;
				MTL_ENABLE_DEBUG_INFO = INCLUDE_SOURCE;
				MTL_FAST_MATH = YES;
				ONLY_ACTIVE_ARCH = YES;
				SDKROOT = iphoneos;
				SWIFT_ACTIVE_COMPILATION_CONDITIONS = DEBUG;
				SWIFT_OPTIMIZATION_LEVEL = "-Onone";
			};
			name = Debug;
		};
		7F358DB72471628C005CF0E3 /* Release */ = {
			isa = XCBuildConfiguration;
			buildSettings = {
				ALWAYS_SEARCH_USER_PATHS = NO;
				CLANG_ANALYZER_NONNULL = YES;
				CLANG_ANALYZER_NUMBER_OBJECT_CONVERSION = YES_AGGRESSIVE;
				CLANG_CXX_LANGUAGE_STANDARD = "gnu++14";
				CLANG_CXX_LIBRARY = "libc++";
				CLANG_ENABLE_MODULES = YES;
				CLANG_ENABLE_OBJC_ARC = YES;
				CLANG_ENABLE_OBJC_WEAK = YES;
				CLANG_WARN_BLOCK_CAPTURE_AUTORELEASING = YES;
				CLANG_WARN_BOOL_CONVERSION = YES;
				CLANG_WARN_COMMA = YES;
				CLANG_WARN_CONSTANT_CONVERSION = YES;
				CLANG_WARN_DEPRECATED_OBJC_IMPLEMENTATIONS = YES;
				CLANG_WARN_DIRECT_OBJC_ISA_USAGE = YES_ERROR;
				CLANG_WARN_DOCUMENTATION_COMMENTS = YES;
				CLANG_WARN_EMPTY_BODY = YES;
				CLANG_WARN_ENUM_CONVERSION = YES;
				CLANG_WARN_INFINITE_RECURSION = YES;
				CLANG_WARN_INT_CONVERSION = YES;
				CLANG_WARN_NON_LITERAL_NULL_CONVERSION = YES;
				CLANG_WARN_OBJC_IMPLICIT_RETAIN_SELF = YES;
				CLANG_WARN_OBJC_LITERAL_CONVERSION = YES;
				CLANG_WARN_OBJC_ROOT_CLASS = YES_ERROR;
				CLANG_WARN_RANGE_LOOP_ANALYSIS = YES;
				CLANG_WARN_STRICT_PROTOTYPES = YES;
				CLANG_WARN_SUSPICIOUS_MOVE = YES;
				CLANG_WARN_UNGUARDED_AVAILABILITY = YES_AGGRESSIVE;
				CLANG_WARN_UNREACHABLE_CODE = YES;
				CLANG_WARN__DUPLICATE_METHOD_MATCH = YES;
				COPY_PHASE_STRIP = NO;
				DEBUG_INFORMATION_FORMAT = "dwarf-with-dsym";
				ENABLE_NS_ASSERTIONS = NO;
				ENABLE_STRICT_OBJC_MSGSEND = YES;
				GCC_C_LANGUAGE_STANDARD = gnu11;
				GCC_NO_COMMON_BLOCKS = YES;
				GCC_WARN_64_TO_32_BIT_CONVERSION = YES;
				GCC_WARN_ABOUT_RETURN_TYPE = YES_ERROR;
				GCC_WARN_UNDECLARED_SELECTOR = YES;
				GCC_WARN_UNINITIALIZED_AUTOS = YES_AGGRESSIVE;
				GCC_WARN_UNUSED_FUNCTION = YES;
				GCC_WARN_UNUSED_VARIABLE = YES;
				IPHONEOS_DEPLOYMENT_TARGET = 13.4;
				MTL_ENABLE_DEBUG_INFO = NO;
				MTL_FAST_MATH = YES;
				SDKROOT = iphoneos;
				SWIFT_COMPILATION_MODE = wholemodule;
				SWIFT_OPTIMIZATION_LEVEL = "-O";
				VALIDATE_PRODUCT = YES;
			};
			name = Release;
		};
		7F358DB92471628C005CF0E3 /* Debug */ = {
			isa = XCBuildConfiguration;
			baseConfigurationReference = CBD315FE75962543084BA901 /* Pods-chat-test.debug.xcconfig */;
			buildSettings = {
				ASSETCATALOG_COMPILER_APPICON_NAME = AppIcon;
				CODE_SIGN_STYLE = Automatic;
				DEVELOPMENT_TEAM = BB92D46UC3;
				INFOPLIST_FILE = "chat-test/Info.plist";
				LD_RUNPATH_SEARCH_PATHS = (
					"$(inherited)",
					"@executable_path/Frameworks",
				);
				PRODUCT_BUNDLE_IDENTIFIER = "com.aca.chat-test";
				PRODUCT_NAME = "$(TARGET_NAME)";
				SWIFT_VERSION = 5.0;
				TARGETED_DEVICE_FAMILY = "1,2";
			};
			name = Debug;
		};
		7F358DBA2471628C005CF0E3 /* Release */ = {
			isa = XCBuildConfiguration;
			baseConfigurationReference = 0747558374A76B66E5D86304 /* Pods-chat-test.release.xcconfig */;
			buildSettings = {
				ASSETCATALOG_COMPILER_APPICON_NAME = AppIcon;
				CODE_SIGN_STYLE = Automatic;
				DEVELOPMENT_TEAM = BB92D46UC3;
				INFOPLIST_FILE = "chat-test/Info.plist";
				LD_RUNPATH_SEARCH_PATHS = (
					"$(inherited)",
					"@executable_path/Frameworks",
				);
				PRODUCT_BUNDLE_IDENTIFIER = "com.aca.chat-test";
				PRODUCT_NAME = "$(TARGET_NAME)";
				SWIFT_VERSION = 5.0;
				TARGETED_DEVICE_FAMILY = "1,2";
			};
			name = Release;
		};
/* End XCBuildConfiguration section */

/* Begin XCConfigurationList section */
		7F358D9F2471628A005CF0E3 /* Build configuration list for PBXProject "chat-test" */ = {
			isa = XCConfigurationList;
			buildConfigurations = (
				7F358DB62471628C005CF0E3 /* Debug */,
				7F358DB72471628C005CF0E3 /* Release */,
			);
			defaultConfigurationIsVisible = 0;
			defaultConfigurationName = Release;
		};
		7F358DB82471628C005CF0E3 /* Build configuration list for PBXNativeTarget "chat-test" */ = {
			isa = XCConfigurationList;
			buildConfigurations = (
				7F358DB92471628C005CF0E3 /* Debug */,
				7F358DBA2471628C005CF0E3 /* Release */,
			);
			defaultConfigurationIsVisible = 0;
			defaultConfigurationName = Release;
		};
/* End XCConfigurationList section */
	};
	rootObject = 7F358D9C2471628A005CF0E3 /* Project object */;
}
